
Microsoft Visual Studio Solution File, Format Version 12.00
# Visual Studio Version 17
VisualStudioVersion = 17.7.34031.279
MinimumVisualStudioVersion = 10.0.40219.1
Project("{FAE04EC0-301F-11D3-BF4B-00C04F79EFBC}") = "Domain", "Domain.csproj", "{3E4F72E6-1AAC-4056-B8C7-C1288F27C217}"
EndProject
Global
	GlobalSection(SolutionConfigurationPlatforms) = preSolution
		Debug|Any CPU = Debug|Any CPU
		Release|Any CPU = Release|Any CPU
	EndGlobalSection
	GlobalSection(ProjectConfigurationPlatforms) = postSolution
		{3E4F72E6-1AAC-4056-B8C7-C1288F27C217}.Debug|Any CPU.ActiveCfg = Debug|Any CPU
		{3E4F72E6-1AAC-4056-B8C7-C1288F27C217}.Debug|Any CPU.Build.0 = Debug|Any CPU
		{3E4F72E6-1AAC-4056-B8C7-C1288F27C217}.Release|Any CPU.ActiveCfg = Release|Any CPU
		{3E4F72E6-1AAC-4056-B8C7-C1288F27C217}.Release|Any CPU.Build.0 = Release|Any CPU
	EndGlobalSection
	GlobalSection(SolutionProperties) = preSolution
		HideSolutionNode = FALSE
	EndGlobalSection
	GlobalSection(ExtensibilityGlobals) = postSolution
		SolutionGuid = {C3BE91B5-8842-469D-A1EE-3568DEAC0940}
	EndGlobalSection
EndGlobal
